// !$*UTF8*$!
{
	archiveVersion = 1;
	classes = {
	};
	objectVersion = 56;
	objects = {

/* Begin PBXBuildFile section */
		6720DDFEF7ACD753FC654BC9 /* Pods_StarWars_Encyclopedia_StarWars_EncyclopediaUITests.framework in Frameworks */ = {isa = PBXBuildFile; fileRef = BB98FC21BB73454E6F414714 /* Pods_StarWars_Encyclopedia_StarWars_EncyclopediaUITests.framework */; };
		77C5A2225C756F1985F372A0 /* Pods_StarWars_Encyclopedia.framework in Frameworks */ = {isa = PBXBuildFile; fileRef = 0F7A4B7C987D7FFE1365D939 /* Pods_StarWars_Encyclopedia.framework */; };
		8328CDF3314B4EF7E8984B86 /* Pods_StarWars_EncyclopediaTests.framework in Frameworks */ = {isa = PBXBuildFile; fileRef = A3059B872793C50DC9911112 /* Pods_StarWars_EncyclopediaTests.framework */; };
		D212C87B2911E77A00B806F2 /* CollectionTableViewCell.swift in Sources */ = {isa = PBXBuildFile; fileRef = D212C8792911E77A00B806F2 /* CollectionTableViewCell.swift */; };
		D212C87C2911E77A00B806F2 /* CollectionTableViewCell.xib in Resources */ = {isa = PBXBuildFile; fileRef = D212C87A2911E77A00B806F2 /* CollectionTableViewCell.xib */; };
		D212C8842911E9E500B806F2 /* DetailCollectionViewCell.swift in Sources */ = {isa = PBXBuildFile; fileRef = D212C8822911E9E500B806F2 /* DetailCollectionViewCell.swift */; };
		D212C8852911E9E500B806F2 /* DetailCollectionViewCell.xib in Resources */ = {isa = PBXBuildFile; fileRef = D212C8832911E9E500B806F2 /* DetailCollectionViewCell.xib */; };
		D2360AD728EE572E0010847F /* AppDelegate.swift in Sources */ = {isa = PBXBuildFile; fileRef = D2360AD628EE572E0010847F /* AppDelegate.swift */; };
		D2360AD928EE572E0010847F /* SceneDelegate.swift in Sources */ = {isa = PBXBuildFile; fileRef = D2360AD828EE572E0010847F /* SceneDelegate.swift */; };
		D2360AE028EE57300010847F /* Assets.xcassets in Resources */ = {isa = PBXBuildFile; fileRef = D2360ADF28EE57300010847F /* Assets.xcassets */; };
		D2360AEE28EE57300010847F /* StarWars_EncyclopediaTests.swift in Sources */ = {isa = PBXBuildFile; fileRef = D2360AED28EE57300010847F /* StarWars_EncyclopediaTests.swift */; };
		D2360AF828EE57300010847F /* StarWars_EncyclopediaUITests.swift in Sources */ = {isa = PBXBuildFile; fileRef = D2360AF728EE57300010847F /* StarWars_EncyclopediaUITests.swift */; };
		D2360AFA28EE57300010847F /* StarWars_EncyclopediaUITestsLaunchTests.swift in Sources */ = {isa = PBXBuildFile; fileRef = D2360AF928EE57300010847F /* StarWars_EncyclopediaUITestsLaunchTests.swift */; };
		D2A0DA1D28F1FD39006FF15C /* CategoriesTableViewCell.swift in Sources */ = {isa = PBXBuildFile; fileRef = D2A0DA1B28F1FD39006FF15C /* CategoriesTableViewCell.swift */; };
		D2A0DA1E28F1FD39006FF15C /* CategoriesTableViewCell.xib in Resources */ = {isa = PBXBuildFile; fileRef = D2A0DA1C28F1FD39006FF15C /* CategoriesTableViewCell.xib */; };
		D2A0DA2028F221D2006FF15C /* CategoriesViewModel.swift in Sources */ = {isa = PBXBuildFile; fileRef = D2A0DA1F28F221D2006FF15C /* CategoriesViewModel.swift */; };
		D2A0DA3228F22C05006FF15C /* Starjedi.ttf in Resources */ = {isa = PBXBuildFile; fileRef = D2A0DA2C28F22C04006FF15C /* Starjedi.ttf */; };
		D2A0DA3328F22C05006FF15C /* Starjhol.ttf in Resources */ = {isa = PBXBuildFile; fileRef = D2A0DA2D28F22C04006FF15C /* Starjhol.ttf */; };
		D2A0DA3428F22C05006FF15C /* NewsCycle-Regular.ttf in Resources */ = {isa = PBXBuildFile; fileRef = D2A0DA2E28F22C04006FF15C /* NewsCycle-Regular.ttf */; };
		D2A0DA3528F22C05006FF15C /* Starjedi.ttf.old.ttf in Resources */ = {isa = PBXBuildFile; fileRef = D2A0DA2F28F22C04006FF15C /* Starjedi.ttf.old.ttf */; };
		D2A0DA3628F22C05006FF15C /* SfDistantGalaxyItalic.ttf in Resources */ = {isa = PBXBuildFile; fileRef = D2A0DA3028F22C04006FF15C /* SfDistantGalaxyItalic.ttf */; };
		D2A0DA3728F22C05006FF15C /* NewsCycle-Bold.ttf in Resources */ = {isa = PBXBuildFile; fileRef = D2A0DA3128F22C05006FF15C /* NewsCycle-Bold.ttf */; };
		D2A0DA3B28F22D13006FF15C /* CategoriesEnums.swift in Sources */ = {isa = PBXBuildFile; fileRef = D2A0DA3A28F22D13006FF15C /* CategoriesEnums.swift */; };
		D2A0DA3F28F23E68006FF15C /* CategoryViewController.swift in Sources */ = {isa = PBXBuildFile; fileRef = D2A0DA3D28F23E68006FF15C /* CategoryViewController.swift */; };
		D2A0DA4028F23E68006FF15C /* CategoryViewController.xib in Resources */ = {isa = PBXBuildFile; fileRef = D2A0DA3E28F23E68006FF15C /* CategoryViewController.xib */; };
		D2B80C1C28EE743A0021F4AD /* LaunchScreen.xib in Resources */ = {isa = PBXBuildFile; fileRef = D2B80C1B28EE74390021F4AD /* LaunchScreen.xib */; };
		D2B80C2328F1E1BF0021F4AD /* CategoriesViewController.swift in Sources */ = {isa = PBXBuildFile; fileRef = D2B80C2128F1E1BF0021F4AD /* CategoriesViewController.swift */; };
		D2B80C2428F1E1BF0021F4AD /* CategoriesViewController.xib in Resources */ = {isa = PBXBuildFile; fileRef = D2B80C2228F1E1BF0021F4AD /* CategoriesViewController.xib */; };
		D2DDEDD62972002F0006FCA3 /* CollectionTableViewCellViewModel.swift in Sources */ = {isa = PBXBuildFile; fileRef = D2DDEDD52972002E0006FCA3 /* CollectionTableViewCellViewModel.swift */; };
		D2DDEDD92973040E0006FCA3 /* CategoryDataManage.swift in Sources */ = {isa = PBXBuildFile; fileRef = D2DDEDD82973040E0006FCA3 /* CategoryDataManage.swift */; };
		D2DDEDDB297305860006FCA3 /* PeopleCategory.swift in Sources */ = {isa = PBXBuildFile; fileRef = D2DDEDDA297305860006FCA3 /* PeopleCategory.swift */; };
		D2DDEDDD297306700006FCA3 /* CategoryDataManageFactory.swift in Sources */ = {isa = PBXBuildFile; fileRef = D2DDEDDC297306700006FCA3 /* CategoryDataManageFactory.swift */; };
		D2DDEDDF297325A40006FCA3 /* ImageCacheManager.swift in Sources */ = {isa = PBXBuildFile; fileRef = D2DDEDDE297325A40006FCA3 /* ImageCacheManager.swift */; };
		D2DDEDE1297616E30006FCA3 /* FilmsCategory.swift in Sources */ = {isa = PBXBuildFile; fileRef = D2DDEDE0297616E20006FCA3 /* FilmsCategory.swift */; };
		D2DDEDE3297620960006FCA3 /* PlanetsCategory.swift in Sources */ = {isa = PBXBuildFile; fileRef = D2DDEDE2297620960006FCA3 /* PlanetsCategory.swift */; };
		D2DDEDE5297622970006FCA3 /* SpeciesCategory.swift in Sources */ = {isa = PBXBuildFile; fileRef = D2DDEDE4297622970006FCA3 /* SpeciesCategory.swift */; };
		D2DDEDE7297624360006FCA3 /* StarshipsCategory.swift in Sources */ = {isa = PBXBuildFile; fileRef = D2DDEDE6297624360006FCA3 /* StarshipsCategory.swift */; };
		D2DDEDE9297624FD0006FCA3 /* VehiclesCategory.swift in Sources */ = {isa = PBXBuildFile; fileRef = D2DDEDE8297624FD0006FCA3 /* VehiclesCategory.swift */; };
		D2E8D52E297F47F600B862CF /* SectionDataManage.swift in Sources */ = {isa = PBXBuildFile; fileRef = D2E8D52D297F47F600B862CF /* SectionDataManage.swift */; };
		D2E8D530297F48CA00B862CF /* FilmSection.swift in Sources */ = {isa = PBXBuildFile; fileRef = D2E8D52F297F48CA00B862CF /* FilmSection.swift */; };
		D2E8D532297F501C00B862CF /* SectionDataManageFactory.swift in Sources */ = {isa = PBXBuildFile; fileRef = D2E8D531297F501C00B862CF /* SectionDataManageFactory.swift */; };
		D2E8D5342980727800B862CF /* PeopleSection.swift in Sources */ = {isa = PBXBuildFile; fileRef = D2E8D5332980727800B862CF /* PeopleSection.swift */; };
		D2E8D536298073A900B862CF /* PlanetSection.swift in Sources */ = {isa = PBXBuildFile; fileRef = D2E8D535298073A900B862CF /* PlanetSection.swift */; };
		D2E8D5382980742900B862CF /* SpecieSection.swift in Sources */ = {isa = PBXBuildFile; fileRef = D2E8D5372980742900B862CF /* SpecieSection.swift */; };
		D2E8D53A2980754E00B862CF /* StarshipSection.swift in Sources */ = {isa = PBXBuildFile; fileRef = D2E8D5392980754E00B862CF /* StarshipSection.swift */; };
		D2E8D53E2980769A00B862CF /* VehicleSection.swift in Sources */ = {isa = PBXBuildFile; fileRef = D2E8D53D2980769A00B862CF /* VehicleSection.swift */; };
		D2FBEEF428F39D59008A867F /* CategoryCollectionViewCell.swift in Sources */ = {isa = PBXBuildFile; fileRef = D2FBEEF228F39D59008A867F /* CategoryCollectionViewCell.swift */; };
		D2FBEEF528F39D59008A867F /* CategoryCollectionViewCell.xib in Resources */ = {isa = PBXBuildFile; fileRef = D2FBEEF328F39D59008A867F /* CategoryCollectionViewCell.xib */; };
		D2FBEEF828F4B18C008A867F /* RequestManager.swift in Sources */ = {isa = PBXBuildFile; fileRef = D2FBEEF728F4B18C008A867F /* RequestManager.swift */; };
		D2FBEEFA28F4BE73008A867F /* FilmsModel.swift in Sources */ = {isa = PBXBuildFile; fileRef = D2FBEEF928F4BE73008A867F /* FilmsModel.swift */; };
		D2FBEEFC28F51B06008A867F /* GoogleModel.swift in Sources */ = {isa = PBXBuildFile; fileRef = D2FBEEFB28F51B06008A867F /* GoogleModel.swift */; };
		D2FBEEFE28F61EAA008A867F /* PeopleModel.swift in Sources */ = {isa = PBXBuildFile; fileRef = D2FBEEFD28F61EAA008A867F /* PeopleModel.swift */; };
		D2FBEF0228F621D1008A867F /* PlanetsModel.swift in Sources */ = {isa = PBXBuildFile; fileRef = D2FBEF0128F621D1008A867F /* PlanetsModel.swift */; };
		D2FBEF0428F6225A008A867F /* SpeciesModel.swift in Sources */ = {isa = PBXBuildFile; fileRef = D2FBEF0328F6225A008A867F /* SpeciesModel.swift */; };
		D2FBEF0628F622DB008A867F /* StarshipsModel.swift in Sources */ = {isa = PBXBuildFile; fileRef = D2FBEF0528F622DB008A867F /* StarshipsModel.swift */; };
		D2FBEF0828F62379008A867F /* VehiclesModel.swift in Sources */ = {isa = PBXBuildFile; fileRef = D2FBEF0728F62379008A867F /* VehiclesModel.swift */; };
		D2FBEF0A28F624D6008A867F /* CategoryViewModel.swift in Sources */ = {isa = PBXBuildFile; fileRef = D2FBEF0928F624D6008A867F /* CategoryViewModel.swift */; };
		D2FBEF0E28F784B7008A867F /* CategoryManager.swift in Sources */ = {isa = PBXBuildFile; fileRef = D2FBEF0D28F784B7008A867F /* CategoryManager.swift */; };
		D2FBEF1028F87E75008A867F /* RequestHandler.swift in Sources */ = {isa = PBXBuildFile; fileRef = D2FBEF0F28F87E75008A867F /* RequestHandler.swift */; };
		D2FBEF1428FF7DEB008A867F /* DetailViewController.swift in Sources */ = {isa = PBXBuildFile; fileRef = D2FBEF1228FF7DEB008A867F /* DetailViewController.swift */; };
		D2FBEF1528FF7DEB008A867F /* DetailViewController.xib in Resources */ = {isa = PBXBuildFile; fileRef = D2FBEF1328FF7DEB008A867F /* DetailViewController.xib */; };
		D2FBEF1729074177008A867F /* DetailViewModel.swift in Sources */ = {isa = PBXBuildFile; fileRef = D2FBEF1629074177008A867F /* DetailViewModel.swift */; };
		D2FBEF1B290773EB008A867F /* InfoTableViewCell.swift in Sources */ = {isa = PBXBuildFile; fileRef = D2FBEF19290773EB008A867F /* InfoTableViewCell.swift */; };
		D2FBEF1C290773EB008A867F /* InfoTableViewCell.xib in Resources */ = {isa = PBXBuildFile; fileRef = D2FBEF1A290773EB008A867F /* InfoTableViewCell.xib */; };
/* End PBXBuildFile section */

/* Begin PBXContainerItemProxy section */
		D2360AEA28EE57300010847F /* PBXContainerItemProxy */ = {
			isa = PBXContainerItemProxy;
			containerPortal = D2360ACB28EE572E0010847F /* Project object */;
			proxyType = 1;
			remoteGlobalIDString = D2360AD228EE572E0010847F;
			remoteInfo = "StarWars Encyclopedia";
		};
		D2360AF428EE57300010847F /* PBXContainerItemProxy */ = {
			isa = PBXContainerItemProxy;
			containerPortal = D2360ACB28EE572E0010847F /* Project object */;
			proxyType = 1;
			remoteGlobalIDString = D2360AD228EE572E0010847F;
			remoteInfo = "StarWars Encyclopedia";
		};
/* End PBXContainerItemProxy section */

/* Begin PBXFileReference section */
		0F7A4B7C987D7FFE1365D939 /* Pods_StarWars_Encyclopedia.framework */ = {isa = PBXFileReference; explicitFileType = wrapper.framework; includeInIndex = 0; path = Pods_StarWars_Encyclopedia.framework; sourceTree = BUILT_PRODUCTS_DIR; };
		456C9956D96519779D400D5B /* Pods-StarWars Encyclopedia-StarWars EncyclopediaUITests.release.xcconfig */ = {isa = PBXFileReference; includeInIndex = 1; lastKnownFileType = text.xcconfig; name = "Pods-StarWars Encyclopedia-StarWars EncyclopediaUITests.release.xcconfig"; path = "Target Support Files/Pods-StarWars Encyclopedia-StarWars EncyclopediaUITests/Pods-StarWars Encyclopedia-StarWars EncyclopediaUITests.release.xcconfig"; sourceTree = "<group>"; };
		4D0761F3AB737050988C89AD /* Pods-StarWars EncyclopediaTests.release.xcconfig */ = {isa = PBXFileReference; includeInIndex = 1; lastKnownFileType = text.xcconfig; name = "Pods-StarWars EncyclopediaTests.release.xcconfig"; path = "Target Support Files/Pods-StarWars EncyclopediaTests/Pods-StarWars EncyclopediaTests.release.xcconfig"; sourceTree = "<group>"; };
		52DB322EFEA4A780C13AF9C5 /* Pods-StarWars Encyclopedia.debug.xcconfig */ = {isa = PBXFileReference; includeInIndex = 1; lastKnownFileType = text.xcconfig; name = "Pods-StarWars Encyclopedia.debug.xcconfig"; path = "Target Support Files/Pods-StarWars Encyclopedia/Pods-StarWars Encyclopedia.debug.xcconfig"; sourceTree = "<group>"; };
		599A1A18DA4F8B57A70F62F3 /* Pods-StarWars EncyclopediaTests.debug.xcconfig */ = {isa = PBXFileReference; includeInIndex = 1; lastKnownFileType = text.xcconfig; name = "Pods-StarWars EncyclopediaTests.debug.xcconfig"; path = "Target Support Files/Pods-StarWars EncyclopediaTests/Pods-StarWars EncyclopediaTests.debug.xcconfig"; sourceTree = "<group>"; };
		A0CA0D814CC0B8C982F8AFBC /* Pods-StarWars Encyclopedia-StarWars EncyclopediaUITests.debug.xcconfig */ = {isa = PBXFileReference; includeInIndex = 1; lastKnownFileType = text.xcconfig; name = "Pods-StarWars Encyclopedia-StarWars EncyclopediaUITests.debug.xcconfig"; path = "Target Support Files/Pods-StarWars Encyclopedia-StarWars EncyclopediaUITests/Pods-StarWars Encyclopedia-StarWars EncyclopediaUITests.debug.xcconfig"; sourceTree = "<group>"; };
		A3059B872793C50DC9911112 /* Pods_StarWars_EncyclopediaTests.framework */ = {isa = PBXFileReference; explicitFileType = wrapper.framework; includeInIndex = 0; path = Pods_StarWars_EncyclopediaTests.framework; sourceTree = BUILT_PRODUCTS_DIR; };
		BB98FC21BB73454E6F414714 /* Pods_StarWars_Encyclopedia_StarWars_EncyclopediaUITests.framework */ = {isa = PBXFileReference; explicitFileType = wrapper.framework; includeInIndex = 0; path = Pods_StarWars_Encyclopedia_StarWars_EncyclopediaUITests.framework; sourceTree = BUILT_PRODUCTS_DIR; };
		D212C8792911E77A00B806F2 /* CollectionTableViewCell.swift */ = {isa = PBXFileReference; lastKnownFileType = sourcecode.swift; path = CollectionTableViewCell.swift; sourceTree = "<group>"; };
		D212C87A2911E77A00B806F2 /* CollectionTableViewCell.xib */ = {isa = PBXFileReference; lastKnownFileType = file.xib; path = CollectionTableViewCell.xib; sourceTree = "<group>"; };
		D212C8822911E9E500B806F2 /* DetailCollectionViewCell.swift */ = {isa = PBXFileReference; lastKnownFileType = sourcecode.swift; path = DetailCollectionViewCell.swift; sourceTree = "<group>"; };
		D212C8832911E9E500B806F2 /* DetailCollectionViewCell.xib */ = {isa = PBXFileReference; lastKnownFileType = file.xib; path = DetailCollectionViewCell.xib; sourceTree = "<group>"; };
		D2360AD328EE572E0010847F /* StarWars Encyclopedia.app */ = {isa = PBXFileReference; explicitFileType = wrapper.application; includeInIndex = 0; path = "StarWars Encyclopedia.app"; sourceTree = BUILT_PRODUCTS_DIR; };
		D2360AD628EE572E0010847F /* AppDelegate.swift */ = {isa = PBXFileReference; lastKnownFileType = sourcecode.swift; path = AppDelegate.swift; sourceTree = "<group>"; };
		D2360AD828EE572E0010847F /* SceneDelegate.swift */ = {isa = PBXFileReference; lastKnownFileType = sourcecode.swift; path = SceneDelegate.swift; sourceTree = "<group>"; };
		D2360ADF28EE57300010847F /* Assets.xcassets */ = {isa = PBXFileReference; lastKnownFileType = folder.assetcatalog; path = Assets.xcassets; sourceTree = "<group>"; };
		D2360AE428EE57300010847F /* Info.plist */ = {isa = PBXFileReference; lastKnownFileType = text.plist.xml; path = Info.plist; sourceTree = "<group>"; };
		D2360AE928EE57300010847F /* StarWars EncyclopediaTests.xctest */ = {isa = PBXFileReference; explicitFileType = wrapper.cfbundle; includeInIndex = 0; path = "StarWars EncyclopediaTests.xctest"; sourceTree = BUILT_PRODUCTS_DIR; };
		D2360AED28EE57300010847F /* StarWars_EncyclopediaTests.swift */ = {isa = PBXFileReference; lastKnownFileType = sourcecode.swift; path = StarWars_EncyclopediaTests.swift; sourceTree = "<group>"; };
		D2360AF328EE57300010847F /* StarWars EncyclopediaUITests.xctest */ = {isa = PBXFileReference; explicitFileType = wrapper.cfbundle; includeInIndex = 0; path = "StarWars EncyclopediaUITests.xctest"; sourceTree = BUILT_PRODUCTS_DIR; };
		D2360AF728EE57300010847F /* StarWars_EncyclopediaUITests.swift */ = {isa = PBXFileReference; lastKnownFileType = sourcecode.swift; path = StarWars_EncyclopediaUITests.swift; sourceTree = "<group>"; };
		D2360AF928EE57300010847F /* StarWars_EncyclopediaUITestsLaunchTests.swift */ = {isa = PBXFileReference; lastKnownFileType = sourcecode.swift; path = StarWars_EncyclopediaUITestsLaunchTests.swift; sourceTree = "<group>"; };
		D2A0DA1B28F1FD39006FF15C /* CategoriesTableViewCell.swift */ = {isa = PBXFileReference; lastKnownFileType = sourcecode.swift; path = CategoriesTableViewCell.swift; sourceTree = "<group>"; };
		D2A0DA1C28F1FD39006FF15C /* CategoriesTableViewCell.xib */ = {isa = PBXFileReference; lastKnownFileType = file.xib; path = CategoriesTableViewCell.xib; sourceTree = "<group>"; };
		D2A0DA1F28F221D2006FF15C /* CategoriesViewModel.swift */ = {isa = PBXFileReference; lastKnownFileType = sourcecode.swift; path = CategoriesViewModel.swift; sourceTree = "<group>"; };
		D2A0DA2C28F22C04006FF15C /* Starjedi.ttf */ = {isa = PBXFileReference; lastKnownFileType = file; path = Starjedi.ttf; sourceTree = "<group>"; };
		D2A0DA2D28F22C04006FF15C /* Starjhol.ttf */ = {isa = PBXFileReference; lastKnownFileType = file; path = Starjhol.ttf; sourceTree = "<group>"; };
		D2A0DA2E28F22C04006FF15C /* NewsCycle-Regular.ttf */ = {isa = PBXFileReference; lastKnownFileType = file; path = "NewsCycle-Regular.ttf"; sourceTree = "<group>"; };
		D2A0DA2F28F22C04006FF15C /* Starjedi.ttf.old.ttf */ = {isa = PBXFileReference; lastKnownFileType = file; path = Starjedi.ttf.old.ttf; sourceTree = "<group>"; };
		D2A0DA3028F22C04006FF15C /* SfDistantGalaxyItalic.ttf */ = {isa = PBXFileReference; lastKnownFileType = file; path = SfDistantGalaxyItalic.ttf; sourceTree = "<group>"; };
		D2A0DA3128F22C05006FF15C /* NewsCycle-Bold.ttf */ = {isa = PBXFileReference; lastKnownFileType = file; path = "NewsCycle-Bold.ttf"; sourceTree = "<group>"; };
		D2A0DA3A28F22D13006FF15C /* CategoriesEnums.swift */ = {isa = PBXFileReference; lastKnownFileType = sourcecode.swift; path = CategoriesEnums.swift; sourceTree = "<group>"; };
		D2A0DA3D28F23E68006FF15C /* CategoryViewController.swift */ = {isa = PBXFileReference; lastKnownFileType = sourcecode.swift; path = CategoryViewController.swift; sourceTree = "<group>"; };
		D2A0DA3E28F23E68006FF15C /* CategoryViewController.xib */ = {isa = PBXFileReference; lastKnownFileType = file.xib; path = CategoryViewController.xib; sourceTree = "<group>"; };
		D2B80C1B28EE74390021F4AD /* LaunchScreen.xib */ = {isa = PBXFileReference; lastKnownFileType = file.xib; path = LaunchScreen.xib; sourceTree = "<group>"; };
		D2B80C2128F1E1BF0021F4AD /* CategoriesViewController.swift */ = {isa = PBXFileReference; lastKnownFileType = sourcecode.swift; name = CategoriesViewController.swift; path = "StarWars Encyclopedia/Views/Categories/CategoriesViewController.swift"; sourceTree = SOURCE_ROOT; };
		D2B80C2228F1E1BF0021F4AD /* CategoriesViewController.xib */ = {isa = PBXFileReference; lastKnownFileType = file.xib; name = CategoriesViewController.xib; path = "StarWars Encyclopedia/Views/Categories/CategoriesViewController.xib"; sourceTree = SOURCE_ROOT; };
		D2DDEDD52972002E0006FCA3 /* CollectionTableViewCellViewModel.swift */ = {isa = PBXFileReference; lastKnownFileType = sourcecode.swift; path = CollectionTableViewCellViewModel.swift; sourceTree = "<group>"; };
		D2DDEDD82973040E0006FCA3 /* CategoryDataManage.swift */ = {isa = PBXFileReference; lastKnownFileType = sourcecode.swift; path = CategoryDataManage.swift; sourceTree = "<group>"; };
		D2DDEDDA297305860006FCA3 /* PeopleCategory.swift */ = {isa = PBXFileReference; lastKnownFileType = sourcecode.swift; path = PeopleCategory.swift; sourceTree = "<group>"; };
		D2DDEDDC297306700006FCA3 /* CategoryDataManageFactory.swift */ = {isa = PBXFileReference; lastKnownFileType = sourcecode.swift; path = CategoryDataManageFactory.swift; sourceTree = "<group>"; };
		D2DDEDDE297325A40006FCA3 /* ImageCacheManager.swift */ = {isa = PBXFileReference; lastKnownFileType = sourcecode.swift; path = ImageCacheManager.swift; sourceTree = "<group>"; };
		D2DDEDE0297616E20006FCA3 /* FilmsCategory.swift */ = {isa = PBXFileReference; lastKnownFileType = sourcecode.swift; path = FilmsCategory.swift; sourceTree = "<group>"; };
		D2DDEDE2297620960006FCA3 /* PlanetsCategory.swift */ = {isa = PBXFileReference; lastKnownFileType = sourcecode.swift; path = PlanetsCategory.swift; sourceTree = "<group>"; };
		D2DDEDE4297622970006FCA3 /* SpeciesCategory.swift */ = {isa = PBXFileReference; lastKnownFileType = sourcecode.swift; path = SpeciesCategory.swift; sourceTree = "<group>"; };
		D2DDEDE6297624360006FCA3 /* StarshipsCategory.swift */ = {isa = PBXFileReference; lastKnownFileType = sourcecode.swift; path = StarshipsCategory.swift; sourceTree = "<group>"; };
		D2DDEDE8297624FD0006FCA3 /* VehiclesCategory.swift */ = {isa = PBXFileReference; lastKnownFileType = sourcecode.swift; path = VehiclesCategory.swift; sourceTree = "<group>"; };
		D2E8D52D297F47F600B862CF /* SectionDataManage.swift */ = {isa = PBXFileReference; lastKnownFileType = sourcecode.swift; path = SectionDataManage.swift; sourceTree = "<group>"; };
		D2E8D52F297F48CA00B862CF /* FilmSection.swift */ = {isa = PBXFileReference; lastKnownFileType = sourcecode.swift; path = FilmSection.swift; sourceTree = "<group>"; };
		D2E8D531297F501C00B862CF /* SectionDataManageFactory.swift */ = {isa = PBXFileReference; lastKnownFileType = sourcecode.swift; path = SectionDataManageFactory.swift; sourceTree = "<group>"; };
		D2E8D5332980727800B862CF /* PeopleSection.swift */ = {isa = PBXFileReference; lastKnownFileType = sourcecode.swift; path = PeopleSection.swift; sourceTree = "<group>"; };
		D2E8D535298073A900B862CF /* PlanetSection.swift */ = {isa = PBXFileReference; lastKnownFileType = sourcecode.swift; path = PlanetSection.swift; sourceTree = "<group>"; };
		D2E8D5372980742900B862CF /* SpecieSection.swift */ = {isa = PBXFileReference; lastKnownFileType = sourcecode.swift; path = SpecieSection.swift; sourceTree = "<group>"; };
		D2E8D5392980754E00B862CF /* StarshipSection.swift */ = {isa = PBXFileReference; lastKnownFileType = sourcecode.swift; path = StarshipSection.swift; sourceTree = "<group>"; };
		D2E8D53D2980769A00B862CF /* VehicleSection.swift */ = {isa = PBXFileReference; lastKnownFileType = sourcecode.swift; path = VehicleSection.swift; sourceTree = "<group>"; };
		D2FBEEF228F39D59008A867F /* CategoryCollectionViewCell.swift */ = {isa = PBXFileReference; lastKnownFileType = sourcecode.swift; path = CategoryCollectionViewCell.swift; sourceTree = "<group>"; };
		D2FBEEF328F39D59008A867F /* CategoryCollectionViewCell.xib */ = {isa = PBXFileReference; lastKnownFileType = file.xib; path = CategoryCollectionViewCell.xib; sourceTree = "<group>"; };
		D2FBEEF728F4B18C008A867F /* RequestManager.swift */ = {isa = PBXFileReference; lastKnownFileType = sourcecode.swift; path = RequestManager.swift; sourceTree = "<group>"; };
		D2FBEEF928F4BE73008A867F /* FilmsModel.swift */ = {isa = PBXFileReference; lastKnownFileType = sourcecode.swift; path = FilmsModel.swift; sourceTree = "<group>"; };
		D2FBEEFB28F51B06008A867F /* GoogleModel.swift */ = {isa = PBXFileReference; lastKnownFileType = sourcecode.swift; path = GoogleModel.swift; sourceTree = "<group>"; };
		D2FBEEFD28F61EAA008A867F /* PeopleModel.swift */ = {isa = PBXFileReference; lastKnownFileType = sourcecode.swift; path = PeopleModel.swift; sourceTree = "<group>"; };
		D2FBEF0128F621D1008A867F /* PlanetsModel.swift */ = {isa = PBXFileReference; lastKnownFileType = sourcecode.swift; path = PlanetsModel.swift; sourceTree = "<group>"; };
		D2FBEF0328F6225A008A867F /* SpeciesModel.swift */ = {isa = PBXFileReference; lastKnownFileType = sourcecode.swift; path = SpeciesModel.swift; sourceTree = "<group>"; };
		D2FBEF0528F622DB008A867F /* StarshipsModel.swift */ = {isa = PBXFileReference; lastKnownFileType = sourcecode.swift; path = StarshipsModel.swift; sourceTree = "<group>"; };
		D2FBEF0728F62379008A867F /* VehiclesModel.swift */ = {isa = PBXFileReference; lastKnownFileType = sourcecode.swift; path = VehiclesModel.swift; sourceTree = "<group>"; };
		D2FBEF0928F624D6008A867F /* CategoryViewModel.swift */ = {isa = PBXFileReference; lastKnownFileType = sourcecode.swift; path = CategoryViewModel.swift; sourceTree = "<group>"; };
		D2FBEF0D28F784B7008A867F /* CategoryManager.swift */ = {isa = PBXFileReference; fileEncoding = 4; lastKnownFileType = sourcecode.swift; path = CategoryManager.swift; sourceTree = "<group>"; };
		D2FBEF0F28F87E75008A867F /* RequestHandler.swift */ = {isa = PBXFileReference; lastKnownFileType = sourcecode.swift; path = RequestHandler.swift; sourceTree = "<group>"; };
		D2FBEF1228FF7DEB008A867F /* DetailViewController.swift */ = {isa = PBXFileReference; lastKnownFileType = sourcecode.swift; path = DetailViewController.swift; sourceTree = "<group>"; };
		D2FBEF1328FF7DEB008A867F /* DetailViewController.xib */ = {isa = PBXFileReference; lastKnownFileType = file.xib; path = DetailViewController.xib; sourceTree = "<group>"; };
		D2FBEF1629074177008A867F /* DetailViewModel.swift */ = {isa = PBXFileReference; lastKnownFileType = sourcecode.swift; path = DetailViewModel.swift; sourceTree = "<group>"; };
		D2FBEF19290773EB008A867F /* InfoTableViewCell.swift */ = {isa = PBXFileReference; lastKnownFileType = sourcecode.swift; path = InfoTableViewCell.swift; sourceTree = "<group>"; };
		D2FBEF1A290773EB008A867F /* InfoTableViewCell.xib */ = {isa = PBXFileReference; lastKnownFileType = file.xib; path = InfoTableViewCell.xib; sourceTree = "<group>"; };
		DF59ED1EA95E99F881875F42 /* Pods-StarWars Encyclopedia.release.xcconfig */ = {isa = PBXFileReference; includeInIndex = 1; lastKnownFileType = text.xcconfig; name = "Pods-StarWars Encyclopedia.release.xcconfig"; path = "Target Support Files/Pods-StarWars Encyclopedia/Pods-StarWars Encyclopedia.release.xcconfig"; sourceTree = "<group>"; };
/* End PBXFileReference section */

/* Begin PBXFrameworksBuildPhase section */
		D2360AD028EE572E0010847F /* Frameworks */ = {
			isa = PBXFrameworksBuildPhase;
			buildActionMask = 2147483647;
			files = (
				77C5A2225C756F1985F372A0 /* Pods_StarWars_Encyclopedia.framework in Frameworks */,
			);
			runOnlyForDeploymentPostprocessing = 0;
		};
		D2360AE628EE57300010847F /* Frameworks */ = {
			isa = PBXFrameworksBuildPhase;
			buildActionMask = 2147483647;
			files = (
				8328CDF3314B4EF7E8984B86 /* Pods_StarWars_EncyclopediaTests.framework in Frameworks */,
			);
			runOnlyForDeploymentPostprocessing = 0;
		};
		D2360AF028EE57300010847F /* Frameworks */ = {
			isa = PBXFrameworksBuildPhase;
			buildActionMask = 2147483647;
			files = (
				6720DDFEF7ACD753FC654BC9 /* Pods_StarWars_Encyclopedia_StarWars_EncyclopediaUITests.framework in Frameworks */,
			);
			runOnlyForDeploymentPostprocessing = 0;
		};
/* End PBXFrameworksBuildPhase section */

/* Begin PBXGroup section */
		7927AE073C57EB0BD6023314 /* Pods */ = {
			isa = PBXGroup;
			children = (
				52DB322EFEA4A780C13AF9C5 /* Pods-StarWars Encyclopedia.debug.xcconfig */,
				DF59ED1EA95E99F881875F42 /* Pods-StarWars Encyclopedia.release.xcconfig */,
				A0CA0D814CC0B8C982F8AFBC /* Pods-StarWars Encyclopedia-StarWars EncyclopediaUITests.debug.xcconfig */,
				456C9956D96519779D400D5B /* Pods-StarWars Encyclopedia-StarWars EncyclopediaUITests.release.xcconfig */,
				599A1A18DA4F8B57A70F62F3 /* Pods-StarWars EncyclopediaTests.debug.xcconfig */,
				4D0761F3AB737050988C89AD /* Pods-StarWars EncyclopediaTests.release.xcconfig */,
			);
			path = Pods;
			sourceTree = "<group>";
		};
		A725CA1FEE41221843560B64 /* Frameworks */ = {
			isa = PBXGroup;
			children = (
				0F7A4B7C987D7FFE1365D939 /* Pods_StarWars_Encyclopedia.framework */,
				BB98FC21BB73454E6F414714 /* Pods_StarWars_Encyclopedia_StarWars_EncyclopediaUITests.framework */,
				A3059B872793C50DC9911112 /* Pods_StarWars_EncyclopediaTests.framework */,
			);
			name = Frameworks;
			sourceTree = "<group>";
		};
		D212C8782911E75300B806F2 /* CollectionCell */ = {
			isa = PBXGroup;
			children = (
				D212C87D2911E89700B806F2 /* DetailCollectionCell */,
				D212C8792911E77A00B806F2 /* CollectionTableViewCell.swift */,
				D212C87A2911E77A00B806F2 /* CollectionTableViewCell.xib */,
			);
			path = CollectionCell;
			sourceTree = "<group>";
		};
		D212C87D2911E89700B806F2 /* DetailCollectionCell */ = {
			isa = PBXGroup;
			children = (
				D212C8822911E9E500B806F2 /* DetailCollectionViewCell.swift */,
				D212C8832911E9E500B806F2 /* DetailCollectionViewCell.xib */,
			);
			path = DetailCollectionCell;
			sourceTree = "<group>";
		};
		D21F88D128F1F2DD00C62CA3 /* CategoriesCell */ = {
			isa = PBXGroup;
			children = (
				D2A0DA1B28F1FD39006FF15C /* CategoriesTableViewCell.swift */,
				D2A0DA1C28F1FD39006FF15C /* CategoriesTableViewCell.xib */,
			);
			path = CategoriesCell;
			sourceTree = "<group>";
		};
		D2360ACA28EE572E0010847F = {
			isa = PBXGroup;
			children = (
				D2360AD528EE572E0010847F /* StarWars Encyclopedia */,
				D2360AEC28EE57300010847F /* StarWars EncyclopediaTests */,
				D2360AF628EE57300010847F /* StarWars EncyclopediaUITests */,
				D2360AD428EE572E0010847F /* Products */,
				7927AE073C57EB0BD6023314 /* Pods */,
				A725CA1FEE41221843560B64 /* Frameworks */,
			);
			sourceTree = "<group>";
		};
		D2360AD428EE572E0010847F /* Products */ = {
			isa = PBXGroup;
			children = (
				D2360AD328EE572E0010847F /* StarWars Encyclopedia.app */,
				D2360AE928EE57300010847F /* StarWars EncyclopediaTests.xctest */,
				D2360AF328EE57300010847F /* StarWars EncyclopediaUITests.xctest */,
			);
			name = Products;
			sourceTree = "<group>";
		};
		D2360AD528EE572E0010847F /* StarWars Encyclopedia */ = {
			isa = PBXGroup;
			children = (
				D2E8D52C297F47A000B862CF /* SectionFactory */,
				D2DDEDD7297303F10006FCA3 /* CategoryFactory */,
				D2FBEEF628F4B16B008A867F /* Service */,
				D2A0DA3828F22CDC006FF15C /* Utils */,
				D2A0DA2B28F22BE7006FF15C /* Fonts */,
				D2B80C1F28F1E05A0021F4AD /* Models */,
				D2B80C1E28F1E0570021F4AD /* ViewModels */,
				D2B80C1D28F1E0530021F4AD /* Views */,
				D2360AD628EE572E0010847F /* AppDelegate.swift */,
				D2360AD828EE572E0010847F /* SceneDelegate.swift */,
				D2360ADF28EE57300010847F /* Assets.xcassets */,
				D2360AE428EE57300010847F /* Info.plist */,
				D2B80C1B28EE74390021F4AD /* LaunchScreen.xib */,
			);
			path = "StarWars Encyclopedia";
			sourceTree = "<group>";
		};
		D2360AEC28EE57300010847F /* StarWars EncyclopediaTests */ = {
			isa = PBXGroup;
			children = (
				D2360AED28EE57300010847F /* StarWars_EncyclopediaTests.swift */,
			);
			path = "StarWars EncyclopediaTests";
			sourceTree = "<group>";
		};
		D2360AF628EE57300010847F /* StarWars EncyclopediaUITests */ = {
			isa = PBXGroup;
			children = (
				D2360AF728EE57300010847F /* StarWars_EncyclopediaUITests.swift */,
				D2360AF928EE57300010847F /* StarWars_EncyclopediaUITestsLaunchTests.swift */,
			);
			path = "StarWars EncyclopediaUITests";
			sourceTree = "<group>";
		};
		D2A0DA2B28F22BE7006FF15C /* Fonts */ = {
			isa = PBXGroup;
			children = (
				D2A0DA3128F22C05006FF15C /* NewsCycle-Bold.ttf */,
				D2A0DA2E28F22C04006FF15C /* NewsCycle-Regular.ttf */,
				D2A0DA3028F22C04006FF15C /* SfDistantGalaxyItalic.ttf */,
				D2A0DA2C28F22C04006FF15C /* Starjedi.ttf */,
				D2A0DA2F28F22C04006FF15C /* Starjedi.ttf.old.ttf */,
				D2A0DA2D28F22C04006FF15C /* Starjhol.ttf */,
			);
			path = Fonts;
			sourceTree = "<group>";
		};
		D2A0DA3828F22CDC006FF15C /* Utils */ = {
			isa = PBXGroup;
			children = (
				D2A0DA3928F22CE4006FF15C /* Enums */,
				D2FBEF0D28F784B7008A867F /* CategoryManager.swift */,
				D2FBEF0F28F87E75008A867F /* RequestHandler.swift */,
				D2DDEDDE297325A40006FCA3 /* ImageCacheManager.swift */,
			);
			path = Utils;
			sourceTree = "<group>";
		};
		D2A0DA3928F22CE4006FF15C /* Enums */ = {
			isa = PBXGroup;
			children = (
				D2A0DA3A28F22D13006FF15C /* CategoriesEnums.swift */,
			);
			path = Enums;
			sourceTree = "<group>";
		};
		D2A0DA3C28F23E20006FF15C /* Category */ = {
			isa = PBXGroup;
			children = (
				D2FBEEF128F39B13008A867F /* CategoryCell */,
				D2A0DA3D28F23E68006FF15C /* CategoryViewController.swift */,
				D2A0DA3E28F23E68006FF15C /* CategoryViewController.xib */,
			);
			path = Category;
			sourceTree = "<group>";
		};
		D2B80C1D28F1E0530021F4AD /* Views */ = {
			isa = PBXGroup;
			children = (
				D2FBEF1128FF7D35008A867F /* Detail */,
				D2A0DA3C28F23E20006FF15C /* Category */,
				D2FDDB6228F1F24C005200FD /* Categories */,
			);
			path = Views;
			sourceTree = "<group>";
		};
		D2B80C1E28F1E0570021F4AD /* ViewModels */ = {
			isa = PBXGroup;
			children = (
				D2A0DA1F28F221D2006FF15C /* CategoriesViewModel.swift */,
				D2FBEF0928F624D6008A867F /* CategoryViewModel.swift */,
				D2FBEF1629074177008A867F /* DetailViewModel.swift */,
				D2DDEDD52972002E0006FCA3 /* CollectionTableViewCellViewModel.swift */,
			);
			path = ViewModels;
			sourceTree = "<group>";
		};
		D2B80C1F28F1E05A0021F4AD /* Models */ = {
			isa = PBXGroup;
			children = (
				D2FBEEF928F4BE73008A867F /* FilmsModel.swift */,
				D2FBEEFB28F51B06008A867F /* GoogleModel.swift */,
				D2FBEEFD28F61EAA008A867F /* PeopleModel.swift */,
				D2FBEF0128F621D1008A867F /* PlanetsModel.swift */,
				D2FBEF0328F6225A008A867F /* SpeciesModel.swift */,
				D2FBEF0528F622DB008A867F /* StarshipsModel.swift */,
				D2FBEF0728F62379008A867F /* VehiclesModel.swift */,
			);
			path = Models;
			sourceTree = "<group>";
		};
		D2DDEDD7297303F10006FCA3 /* CategoryFactory */ = {
			isa = PBXGroup;
			children = (
				D2DDEDD82973040E0006FCA3 /* CategoryDataManage.swift */,
				D2DDEDDC297306700006FCA3 /* CategoryDataManageFactory.swift */,
				D2DDEDDA297305860006FCA3 /* PeopleCategory.swift */,
				D2DDEDE0297616E20006FCA3 /* FilmsCategory.swift */,
				D2DDEDE2297620960006FCA3 /* PlanetsCategory.swift */,
				D2DDEDE4297622970006FCA3 /* SpeciesCategory.swift */,
				D2DDEDE6297624360006FCA3 /* StarshipsCategory.swift */,
				D2DDEDE8297624FD0006FCA3 /* VehiclesCategory.swift */,
			);
			path = CategoryFactory;
			sourceTree = "<group>";
		};
		D2E8D52C297F47A000B862CF /* SectionFactory */ = {
			isa = PBXGroup;
			children = (
				D2E8D52D297F47F600B862CF /* SectionDataManage.swift */,
				D2E8D531297F501C00B862CF /* SectionDataManageFactory.swift */,
				D2E8D5332980727800B862CF /* PeopleSection.swift */,
				D2E8D52F297F48CA00B862CF /* FilmSection.swift */,
				D2E8D535298073A900B862CF /* PlanetSection.swift */,
				D2E8D5372980742900B862CF /* SpecieSection.swift */,
				D2E8D5392980754E00B862CF /* StarshipSection.swift */,
				D2E8D53D2980769A00B862CF /* VehicleSection.swift */,
			);
			path = SectionFactory;
			sourceTree = "<group>";
		};
		D2FBEEF128F39B13008A867F /* CategoryCell */ = {
			isa = PBXGroup;
			children = (
				D2FBEEF228F39D59008A867F /* CategoryCollectionViewCell.swift */,
				D2FBEEF328F39D59008A867F /* CategoryCollectionViewCell.xib */,
			);
			path = CategoryCell;
			sourceTree = "<group>";
		};
		D2FBEEF628F4B16B008A867F /* Service */ = {
			isa = PBXGroup;
			children = (
				D2FBEEF728F4B18C008A867F /* RequestManager.swift */,
			);
			path = Service;
			sourceTree = "<group>";
		};
		D2FBEF1128FF7D35008A867F /* Detail */ = {
			isa = PBXGroup;
			children = (
				D212C8782911E75300B806F2 /* CollectionCell */,
				D2FBEF18290773B2008A867F /* InfoCell */,
				D2FBEF1228FF7DEB008A867F /* DetailViewController.swift */,
				D2FBEF1328FF7DEB008A867F /* DetailViewController.xib */,
			);
			path = Detail;
			sourceTree = "<group>";
		};
		D2FBEF18290773B2008A867F /* InfoCell */ = {
			isa = PBXGroup;
			children = (
				D2FBEF19290773EB008A867F /* InfoTableViewCell.swift */,
				D2FBEF1A290773EB008A867F /* InfoTableViewCell.xib */,
			);
			path = InfoCell;
			sourceTree = "<group>";
		};
		D2FDDB6228F1F24C005200FD /* Categories */ = {
			isa = PBXGroup;
			children = (
				D21F88D128F1F2DD00C62CA3 /* CategoriesCell */,
				D2B80C2128F1E1BF0021F4AD /* CategoriesViewController.swift */,
				D2B80C2228F1E1BF0021F4AD /* CategoriesViewController.xib */,
			);
			path = Categories;
			sourceTree = "<group>";
		};
/* End PBXGroup section */

/* Begin PBXNativeTarget section */
		D2360AD228EE572E0010847F /* StarWars Encyclopedia */ = {
			isa = PBXNativeTarget;
			buildConfigurationList = D2360AFD28EE57300010847F /* Build configuration list for PBXNativeTarget "StarWars Encyclopedia" */;
			buildPhases = (
				00A6A4F693417A02C809C6DF /* [CP] Check Pods Manifest.lock */,
				D2360ACF28EE572E0010847F /* Sources */,
				D2360AD028EE572E0010847F /* Frameworks */,
				D2360AD128EE572E0010847F /* Resources */,
				8A5FFF9C49C386C7C08E032C /* [CP] Embed Pods Frameworks */,
			);
			buildRules = (
			);
			dependencies = (
			);
			name = "StarWars Encyclopedia";
			productName = "StarWars Encyclopedia";
			productReference = D2360AD328EE572E0010847F /* StarWars Encyclopedia.app */;
			productType = "com.apple.product-type.application";
		};
		D2360AE828EE57300010847F /* StarWars EncyclopediaTests */ = {
			isa = PBXNativeTarget;
			buildConfigurationList = D2360B0028EE57300010847F /* Build configuration list for PBXNativeTarget "StarWars EncyclopediaTests" */;
			buildPhases = (
				AE7BB2AC31EE1D06A6C59A6F /* [CP] Check Pods Manifest.lock */,
				D2360AE528EE57300010847F /* Sources */,
				D2360AE628EE57300010847F /* Frameworks */,
				D2360AE728EE57300010847F /* Resources */,
			);
			buildRules = (
			);
			dependencies = (
				D2360AEB28EE57300010847F /* PBXTargetDependency */,
			);
			name = "StarWars EncyclopediaTests";
			productName = "StarWars EncyclopediaTests";
			productReference = D2360AE928EE57300010847F /* StarWars EncyclopediaTests.xctest */;
			productType = "com.apple.product-type.bundle.unit-test";
		};
		D2360AF228EE57300010847F /* StarWars EncyclopediaUITests */ = {
			isa = PBXNativeTarget;
			buildConfigurationList = D2360B0328EE57300010847F /* Build configuration list for PBXNativeTarget "StarWars EncyclopediaUITests" */;
			buildPhases = (
				DC72E86869E19A714DB03E81 /* [CP] Check Pods Manifest.lock */,
				D2360AEF28EE57300010847F /* Sources */,
				D2360AF028EE57300010847F /* Frameworks */,
				D2360AF128EE57300010847F /* Resources */,
				12F167AD02C68CE3AEFE4A60 /* [CP] Embed Pods Frameworks */,
			);
			buildRules = (
			);
			dependencies = (
				D2360AF528EE57300010847F /* PBXTargetDependency */,
			);
			name = "StarWars EncyclopediaUITests";
			productName = "StarWars EncyclopediaUITests";
			productReference = D2360AF328EE57300010847F /* StarWars EncyclopediaUITests.xctest */;
			productType = "com.apple.product-type.bundle.ui-testing";
		};
/* End PBXNativeTarget section */

/* Begin PBXProject section */
		D2360ACB28EE572E0010847F /* Project object */ = {
			isa = PBXProject;
			attributes = {
				BuildIndependentTargetsInParallel = 1;
				LastSwiftUpdateCheck = 1400;
				LastUpgradeCheck = 1400;
				TargetAttributes = {
					D2360AD228EE572E0010847F = {
						CreatedOnToolsVersion = 14.0.1;
					};
					D2360AE828EE57300010847F = {
						CreatedOnToolsVersion = 14.0.1;
						TestTargetID = D2360AD228EE572E0010847F;
					};
					D2360AF228EE57300010847F = {
						CreatedOnToolsVersion = 14.0.1;
						TestTargetID = D2360AD228EE572E0010847F;
					};
				};
			};
			buildConfigurationList = D2360ACE28EE572E0010847F /* Build configuration list for PBXProject "StarWars Encyclopedia" */;
			compatibilityVersion = "Xcode 14.0";
			developmentRegion = en;
			hasScannedForEncodings = 0;
			knownRegions = (
				en,
				Base,
			);
			mainGroup = D2360ACA28EE572E0010847F;
			productRefGroup = D2360AD428EE572E0010847F /* Products */;
			projectDirPath = "";
			projectRoot = "";
			targets = (
				D2360AD228EE572E0010847F /* StarWars Encyclopedia */,
				D2360AE828EE57300010847F /* StarWars EncyclopediaTests */,
				D2360AF228EE57300010847F /* StarWars EncyclopediaUITests */,
			);
		};
/* End PBXProject section */

/* Begin PBXResourcesBuildPhase section */
		D2360AD128EE572E0010847F /* Resources */ = {
			isa = PBXResourcesBuildPhase;
			buildActionMask = 2147483647;
			files = (
				D2FBEEF528F39D59008A867F /* CategoryCollectionViewCell.xib in Resources */,
				D2B80C2428F1E1BF0021F4AD /* CategoriesViewController.xib in Resources */,
				D2A0DA3328F22C05006FF15C /* Starjhol.ttf in Resources */,
				D2FBEF1528FF7DEB008A867F /* DetailViewController.xib in Resources */,
				D2B80C1C28EE743A0021F4AD /* LaunchScreen.xib in Resources */,
				D2A0DA3428F22C05006FF15C /* NewsCycle-Regular.ttf in Resources */,
				D2360AE028EE57300010847F /* Assets.xcassets in Resources */,
				D212C8852911E9E500B806F2 /* DetailCollectionViewCell.xib in Resources */,
				D2A0DA3228F22C05006FF15C /* Starjedi.ttf in Resources */,
				D2A0DA1E28F1FD39006FF15C /* CategoriesTableViewCell.xib in Resources */,
				D2FBEF1C290773EB008A867F /* InfoTableViewCell.xib in Resources */,
				D212C87C2911E77A00B806F2 /* CollectionTableViewCell.xib in Resources */,
				D2A0DA4028F23E68006FF15C /* CategoryViewController.xib in Resources */,
				D2A0DA3528F22C05006FF15C /* Starjedi.ttf.old.ttf in Resources */,
				D2A0DA3628F22C05006FF15C /* SfDistantGalaxyItalic.ttf in Resources */,
				D2A0DA3728F22C05006FF15C /* NewsCycle-Bold.ttf in Resources */,
			);
			runOnlyForDeploymentPostprocessing = 0;
		};
		D2360AE728EE57300010847F /* Resources */ = {
			isa = PBXResourcesBuildPhase;
			buildActionMask = 2147483647;
			files = (
			);
			runOnlyForDeploymentPostprocessing = 0;
		};
		D2360AF128EE57300010847F /* Resources */ = {
			isa = PBXResourcesBuildPhase;
			buildActionMask = 2147483647;
			files = (
			);
			runOnlyForDeploymentPostprocessing = 0;
		};
/* End PBXResourcesBuildPhase section */

/* Begin PBXShellScriptBuildPhase section */
		00A6A4F693417A02C809C6DF /* [CP] Check Pods Manifest.lock */ = {
			isa = PBXShellScriptBuildPhase;
			buildActionMask = 2147483647;
			files = (
			);
			inputFileListPaths = (
			);
			inputPaths = (
				"${PODS_PODFILE_DIR_PATH}/Podfile.lock",
				"${PODS_ROOT}/Manifest.lock",
			);
			name = "[CP] Check Pods Manifest.lock";
			outputFileListPaths = (
			);
			outputPaths = (
				"$(DERIVED_FILE_DIR)/Pods-StarWars Encyclopedia-checkManifestLockResult.txt",
			);
			runOnlyForDeploymentPostprocessing = 0;
			shellPath = /bin/sh;
			shellScript = "diff \"${PODS_PODFILE_DIR_PATH}/Podfile.lock\" \"${PODS_ROOT}/Manifest.lock\" > /dev/null\nif [ $? != 0 ] ; then\n    # print error to STDERR\n    echo \"error: The sandbox is not in sync with the Podfile.lock. Run 'pod install' or update your CocoaPods installation.\" >&2\n    exit 1\nfi\n# This output is used by Xcode 'outputs' to avoid re-running this script phase.\necho \"SUCCESS\" > \"${SCRIPT_OUTPUT_FILE_0}\"\n";
			showEnvVarsInLog = 0;
		};
		12F167AD02C68CE3AEFE4A60 /* [CP] Embed Pods Frameworks */ = {
			isa = PBXShellScriptBuildPhase;
			buildActionMask = 2147483647;
			files = (
			);
			inputFileListPaths = (
				"${PODS_ROOT}/Target Support Files/Pods-StarWars Encyclopedia-StarWars EncyclopediaUITests/Pods-StarWars Encyclopedia-StarWars EncyclopediaUITests-frameworks-${CONFIGURATION}-input-files.xcfilelist",
			);
			name = "[CP] Embed Pods Frameworks";
			outputFileListPaths = (
				"${PODS_ROOT}/Target Support Files/Pods-StarWars Encyclopedia-StarWars EncyclopediaUITests/Pods-StarWars Encyclopedia-StarWars EncyclopediaUITests-frameworks-${CONFIGURATION}-output-files.xcfilelist",
			);
			runOnlyForDeploymentPostprocessing = 0;
			shellPath = /bin/sh;
			shellScript = "\"${PODS_ROOT}/Target Support Files/Pods-StarWars Encyclopedia-StarWars EncyclopediaUITests/Pods-StarWars Encyclopedia-StarWars EncyclopediaUITests-frameworks.sh\"\n";
			showEnvVarsInLog = 0;
		};
		8A5FFF9C49C386C7C08E032C /* [CP] Embed Pods Frameworks */ = {
			isa = PBXShellScriptBuildPhase;
			buildActionMask = 2147483647;
			files = (
			);
			inputFileListPaths = (
				"${PODS_ROOT}/Target Support Files/Pods-StarWars Encyclopedia/Pods-StarWars Encyclopedia-frameworks-${CONFIGURATION}-input-files.xcfilelist",
			);
			name = "[CP] Embed Pods Frameworks";
			outputFileListPaths = (
				"${PODS_ROOT}/Target Support Files/Pods-StarWars Encyclopedia/Pods-StarWars Encyclopedia-frameworks-${CONFIGURATION}-output-files.xcfilelist",
			);
			runOnlyForDeploymentPostprocessing = 0;
			shellPath = /bin/sh;
			shellScript = "\"${PODS_ROOT}/Target Support Files/Pods-StarWars Encyclopedia/Pods-StarWars Encyclopedia-frameworks.sh\"\n";
			showEnvVarsInLog = 0;
		};
		AE7BB2AC31EE1D06A6C59A6F /* [CP] Check Pods Manifest.lock */ = {
			isa = PBXShellScriptBuildPhase;
			buildActionMask = 2147483647;
			files = (
			);
			inputFileListPaths = (
			);
			inputPaths = (
				"${PODS_PODFILE_DIR_PATH}/Podfile.lock",
				"${PODS_ROOT}/Manifest.lock",
			);
			name = "[CP] Check Pods Manifest.lock";
			outputFileListPaths = (
			);
			outputPaths = (
				"$(DERIVED_FILE_DIR)/Pods-StarWars EncyclopediaTests-checkManifestLockResult.txt",
			);
			runOnlyForDeploymentPostprocessing = 0;
			shellPath = /bin/sh;
			shellScript = "diff \"${PODS_PODFILE_DIR_PATH}/Podfile.lock\" \"${PODS_ROOT}/Manifest.lock\" > /dev/null\nif [ $? != 0 ] ; then\n    # print error to STDERR\n    echo \"error: The sandbox is not in sync with the Podfile.lock. Run 'pod install' or update your CocoaPods installation.\" >&2\n    exit 1\nfi\n# This output is used by Xcode 'outputs' to avoid re-running this script phase.\necho \"SUCCESS\" > \"${SCRIPT_OUTPUT_FILE_0}\"\n";
			showEnvVarsInLog = 0;
		};
		DC72E86869E19A714DB03E81 /* [CP] Check Pods Manifest.lock */ = {
			isa = PBXShellScriptBuildPhase;
			buildActionMask = 2147483647;
			files = (
			);
			inputFileListPaths = (
			);
			inputPaths = (
				"${PODS_PODFILE_DIR_PATH}/Podfile.lock",
				"${PODS_ROOT}/Manifest.lock",
			);
			name = "[CP] Check Pods Manifest.lock";
			outputFileListPaths = (
			);
			outputPaths = (
				"$(DERIVED_FILE_DIR)/Pods-StarWars Encyclopedia-StarWars EncyclopediaUITests-checkManifestLockResult.txt",
			);
			runOnlyForDeploymentPostprocessing = 0;
			shellPath = /bin/sh;
			shellScript = "diff \"${PODS_PODFILE_DIR_PATH}/Podfile.lock\" \"${PODS_ROOT}/Manifest.lock\" > /dev/null\nif [ $? != 0 ] ; then\n    # print error to STDERR\n    echo \"error: The sandbox is not in sync with the Podfile.lock. Run 'pod install' or update your CocoaPods installation.\" >&2\n    exit 1\nfi\n# This output is used by Xcode 'outputs' to avoid re-running this script phase.\necho \"SUCCESS\" > \"${SCRIPT_OUTPUT_FILE_0}\"\n";
			showEnvVarsInLog = 0;
		};
/* End PBXShellScriptBuildPhase section */

/* Begin PBXSourcesBuildPhase section */
		D2360ACF28EE572E0010847F /* Sources */ = {
			isa = PBXSourcesBuildPhase;
			buildActionMask = 2147483647;
			files = (
				D2FBEEF428F39D59008A867F /* CategoryCollectionViewCell.swift in Sources */,
				D2DDEDE1297616E30006FCA3 /* FilmsCategory.swift in Sources */,
				D2DDEDE3297620960006FCA3 /* PlanetsCategory.swift in Sources */,
				D2A0DA1D28F1FD39006FF15C /* CategoriesTableViewCell.swift in Sources */,
				D2E8D5382980742900B862CF /* SpecieSection.swift in Sources */,
				D2DDEDD62972002F0006FCA3 /* CollectionTableViewCellViewModel.swift in Sources */,
				D2E8D53E2980769A00B862CF /* VehicleSection.swift in Sources */,
				D2E8D530297F48CA00B862CF /* FilmSection.swift in Sources */,
				D212C87B2911E77A00B806F2 /* CollectionTableViewCell.swift in Sources */,
				D2FBEF0828F62379008A867F /* VehiclesModel.swift in Sources */,
				D2DDEDDB297305860006FCA3 /* PeopleCategory.swift in Sources */,
				D2FBEF0428F6225A008A867F /* SpeciesModel.swift in Sources */,
				D2B80C2328F1E1BF0021F4AD /* CategoriesViewController.swift in Sources */,
				D2DDEDE7297624360006FCA3 /* StarshipsCategory.swift in Sources */,
				D2E8D52E297F47F600B862CF /* SectionDataManage.swift in Sources */,
				D2FBEF1028F87E75008A867F /* RequestHandler.swift in Sources */,
				D2DDEDD92973040E0006FCA3 /* CategoryDataManage.swift in Sources */,
				D2FBEEFA28F4BE73008A867F /* FilmsModel.swift in Sources */,
				D2DDEDDF297325A40006FCA3 /* ImageCacheManager.swift in Sources */,
				D2FBEEFC28F51B06008A867F /* GoogleModel.swift in Sources */,
				D2A0DA3F28F23E68006FF15C /* CategoryViewController.swift in Sources */,
				D2FBEF0228F621D1008A867F /* PlanetsModel.swift in Sources */,
				D2E8D532297F501C00B862CF /* SectionDataManageFactory.swift in Sources */,
				D212C8842911E9E500B806F2 /* DetailCollectionViewCell.swift in Sources */,
				D2E8D5342980727800B862CF /* PeopleSection.swift in Sources */,
				D2FBEF0A28F624D6008A867F /* CategoryViewModel.swift in Sources */,
				D2A0DA3B28F22D13006FF15C /* CategoriesEnums.swift in Sources */,
				D2FBEF0E28F784B7008A867F /* CategoryManager.swift in Sources */,
				D2360AD728EE572E0010847F /* AppDelegate.swift in Sources */,
				D2FBEEF828F4B18C008A867F /* RequestManager.swift in Sources */,
				D2A0DA2028F221D2006FF15C /* CategoriesViewModel.swift in Sources */,
				D2E8D536298073A900B862CF /* PlanetSection.swift in Sources */,
				D2FBEF1729074177008A867F /* DetailViewModel.swift in Sources */,
				D2FBEF0628F622DB008A867F /* StarshipsModel.swift in Sources */,
				D2DDEDE5297622970006FCA3 /* SpeciesCategory.swift in Sources */,
				D2FBEEFE28F61EAA008A867F /* PeopleModel.swift in Sources */,
				D2FBEF1B290773EB008A867F /* InfoTableViewCell.swift in Sources */,
				D2E8D53A2980754E00B862CF /* StarshipSection.swift in Sources */,
				D2DDEDE9297624FD0006FCA3 /* VehiclesCategory.swift in Sources */,
				D2DDEDDD297306700006FCA3 /* CategoryDataManageFactory.swift in Sources */,
				D2360AD928EE572E0010847F /* SceneDelegate.swift in Sources */,
				D2FBEF1428FF7DEB008A867F /* DetailViewController.swift in Sources */,
			);
			runOnlyForDeploymentPostprocessing = 0;
		};
		D2360AE528EE57300010847F /* Sources */ = {
			isa = PBXSourcesBuildPhase;
			buildActionMask = 2147483647;
			files = (
				D2360AEE28EE57300010847F /* StarWars_EncyclopediaTests.swift in Sources */,
			);
			runOnlyForDeploymentPostprocessing = 0;
		};
		D2360AEF28EE57300010847F /* Sources */ = {
			isa = PBXSourcesBuildPhase;
			buildActionMask = 2147483647;
			files = (
				D2360AF828EE57300010847F /* StarWars_EncyclopediaUITests.swift in Sources */,
				D2360AFA28EE57300010847F /* StarWars_EncyclopediaUITestsLaunchTests.swift in Sources */,
			);
			runOnlyForDeploymentPostprocessing = 0;
		};
/* End PBXSourcesBuildPhase section */

/* Begin PBXTargetDependency section */
		D2360AEB28EE57300010847F /* PBXTargetDependency */ = {
			isa = PBXTargetDependency;
			target = D2360AD228EE572E0010847F /* StarWars Encyclopedia */;
			targetProxy = D2360AEA28EE57300010847F /* PBXContainerItemProxy */;
		};
		D2360AF528EE57300010847F /* PBXTargetDependency */ = {
			isa = PBXTargetDependency;
			target = D2360AD228EE572E0010847F /* StarWars Encyclopedia */;
			targetProxy = D2360AF428EE57300010847F /* PBXContainerItemProxy */;
		};
/* End PBXTargetDependency section */

/* Begin XCBuildConfiguration section */
		D2360AFB28EE57300010847F /* Debug */ = {
			isa = XCBuildConfiguration;
			buildSettings = {
				ALWAYS_SEARCH_USER_PATHS = NO;
				CLANG_ANALYZER_NONNULL = YES;
				CLANG_ANALYZER_NUMBER_OBJECT_CONVERSION = YES_AGGRESSIVE;
				CLANG_CXX_LANGUAGE_STANDARD = "gnu++20";
				CLANG_ENABLE_MODULES = YES;
				CLANG_ENABLE_OBJC_ARC = YES;
				CLANG_ENABLE_OBJC_WEAK = YES;
				CLANG_WARN_BLOCK_CAPTURE_AUTORELEASING = YES;
				CLANG_WARN_BOOL_CONVERSION = YES;
				CLANG_WARN_COMMA = YES;
				CLANG_WARN_CONSTANT_CONVERSION = YES;
				CLANG_WARN_DEPRECATED_OBJC_IMPLEMENTATIONS = YES;
				CLANG_WARN_DIRECT_OBJC_ISA_USAGE = YES_ERROR;
				CLANG_WARN_DOCUMENTATION_COMMENTS = YES;
				CLANG_WARN_EMPTY_BODY = YES;
				CLANG_WARN_ENUM_CONVERSION = YES;
				CLANG_WARN_INFINITE_RECURSION = YES;
				CLANG_WARN_INT_CONVERSION = YES;
				CLANG_WARN_NON_LITERAL_NULL_CONVERSION = YES;
				CLANG_WARN_OBJC_IMPLICIT_RETAIN_SELF = YES;
				CLANG_WARN_OBJC_LITERAL_CONVERSION = YES;
				CLANG_WARN_OBJC_ROOT_CLASS = YES_ERROR;
				CLANG_WARN_QUOTED_INCLUDE_IN_FRAMEWORK_HEADER = YES;
				CLANG_WARN_RANGE_LOOP_ANALYSIS = YES;
				CLANG_WARN_STRICT_PROTOTYPES = YES;
				CLANG_WARN_SUSPICIOUS_MOVE = YES;
				CLANG_WARN_UNGUARDED_AVAILABILITY = YES_AGGRESSIVE;
				CLANG_WARN_UNREACHABLE_CODE = YES;
				CLANG_WARN__DUPLICATE_METHOD_MATCH = YES;
				COPY_PHASE_STRIP = NO;
				DEBUG_INFORMATION_FORMAT = dwarf;
				ENABLE_STRICT_OBJC_MSGSEND = YES;
				ENABLE_TESTABILITY = YES;
				GCC_C_LANGUAGE_STANDARD = gnu11;
				GCC_DYNAMIC_NO_PIC = NO;
				GCC_NO_COMMON_BLOCKS = YES;
				GCC_OPTIMIZATION_LEVEL = 0;
				GCC_PREPROCESSOR_DEFINITIONS = (
					"DEBUG=1",
					"$(inherited)",
				);
				GCC_WARN_64_TO_32_BIT_CONVERSION = YES;
				GCC_WARN_ABOUT_RETURN_TYPE = YES_ERROR;
				GCC_WARN_UNDECLARED_SELECTOR = YES;
				GCC_WARN_UNINITIALIZED_AUTOS = YES_AGGRESSIVE;
				GCC_WARN_UNUSED_FUNCTION = YES;
				GCC_WARN_UNUSED_VARIABLE = YES;
				IPHONEOS_DEPLOYMENT_TARGET = 16.0;
				MTL_ENABLE_DEBUG_INFO = INCLUDE_SOURCE;
				MTL_FAST_MATH = YES;
				ONLY_ACTIVE_ARCH = YES;
				SDKROOT = iphoneos;
				SWIFT_ACTIVE_COMPILATION_CONDITIONS = DEBUG;
				SWIFT_OPTIMIZATION_LEVEL = "-Onone";
			};
			name = Debug;
		};
		D2360AFC28EE57300010847F /* Release */ = {
			isa = XCBuildConfiguration;
			buildSettings = {
				ALWAYS_SEARCH_USER_PATHS = NO;
				CLANG_ANALYZER_NONNULL = YES;
				CLANG_ANALYZER_NUMBER_OBJECT_CONVERSION = YES_AGGRESSIVE;
				CLANG_CXX_LANGUAGE_STANDARD = "gnu++20";
				CLANG_ENABLE_MODULES = YES;
				CLANG_ENABLE_OBJC_ARC = YES;
				CLANG_ENABLE_OBJC_WEAK = YES;
				CLANG_WARN_BLOCK_CAPTURE_AUTORELEASING = YES;
				CLANG_WARN_BOOL_CONVERSION = YES;
				CLANG_WARN_COMMA = YES;
				CLANG_WARN_CONSTANT_CONVERSION = YES;
				CLANG_WARN_DEPRECATED_OBJC_IMPLEMENTATIONS = YES;
				CLANG_WARN_DIRECT_OBJC_ISA_USAGE = YES_ERROR;
				CLANG_WARN_DOCUMENTATION_COMMENTS = YES;
				CLANG_WARN_EMPTY_BODY = YES;
				CLANG_WARN_ENUM_CONVERSION = YES;
				CLANG_WARN_INFINITE_RECURSION = YES;
				CLANG_WARN_INT_CONVERSION = YES;
				CLANG_WARN_NON_LITERAL_NULL_CONVERSION = YES;
				CLANG_WARN_OBJC_IMPLICIT_RETAIN_SELF = YES;
				CLANG_WARN_OBJC_LITERAL_CONVERSION = YES;
				CLANG_WARN_OBJC_ROOT_CLASS = YES_ERROR;
				CLANG_WARN_QUOTED_INCLUDE_IN_FRAMEWORK_HEADER = YES;
				CLANG_WARN_RANGE_LOOP_ANALYSIS = YES;
				CLANG_WARN_STRICT_PROTOTYPES = YES;
				CLANG_WARN_SUSPICIOUS_MOVE = YES;
				CLANG_WARN_UNGUARDED_AVAILABILITY = YES_AGGRESSIVE;
				CLANG_WARN_UNREACHABLE_CODE = YES;
				CLANG_WARN__DUPLICATE_METHOD_MATCH = YES;
				COPY_PHASE_STRIP = NO;
				DEBUG_INFORMATION_FORMAT = "dwarf-with-dsym";
				ENABLE_NS_ASSERTIONS = NO;
				ENABLE_STRICT_OBJC_MSGSEND = YES;
				GCC_C_LANGUAGE_STANDARD = gnu11;
				GCC_NO_COMMON_BLOCKS = YES;
				GCC_WARN_64_TO_32_BIT_CONVERSION = YES;
				GCC_WARN_ABOUT_RETURN_TYPE = YES_ERROR;
				GCC_WARN_UNDECLARED_SELECTOR = YES;
				GCC_WARN_UNINITIALIZED_AUTOS = YES_AGGRESSIVE;
				GCC_WARN_UNUSED_FUNCTION = YES;
				GCC_WARN_UNUSED_VARIABLE = YES;
				IPHONEOS_DEPLOYMENT_TARGET = 16.0;
				MTL_ENABLE_DEBUG_INFO = NO;
				MTL_FAST_MATH = YES;
				SDKROOT = iphoneos;
				SWIFT_COMPILATION_MODE = wholemodule;
				SWIFT_OPTIMIZATION_LEVEL = "-O";
				VALIDATE_PRODUCT = YES;
			};
			name = Release;
		};
		D2360AFE28EE57300010847F /* Debug */ = {
			isa = XCBuildConfiguration;
			baseConfigurationReference = 52DB322EFEA4A780C13AF9C5 /* Pods-StarWars Encyclopedia.debug.xcconfig */;
			buildSettings = {
				ASSETCATALOG_COMPILER_APPICON_NAME = "AppIcon 1";
				ASSETCATALOG_COMPILER_GLOBAL_ACCENT_COLOR_NAME = AccentColor;
				ASSETCATALOG_COMPILER_INCLUDE_ALL_APPICON_ASSETS = NO;
				CODE_SIGN_STYLE = Automatic;
				CURRENT_PROJECT_VERSION = 1;
				DEVELOPMENT_TEAM = K6M8KNJT3U;
				GENERATE_INFOPLIST_FILE = YES;
				INFOPLIST_FILE = "StarWars Encyclopedia/Info.plist";
				INFOPLIST_KEY_UIApplicationSupportsIndirectInputEvents = YES;
				INFOPLIST_KEY_UILaunchStoryboardName = LaunchScreen.xib;
				INFOPLIST_KEY_UISupportedInterfaceOrientations = UIInterfaceOrientationPortrait;
				INFOPLIST_KEY_UISupportedInterfaceOrientations_iPad = "UIInterfaceOrientationLandscapeLeft UIInterfaceOrientationLandscapeRight UIInterfaceOrientationPortrait UIInterfaceOrientationPortraitUpsideDown";
				IPHONEOS_DEPLOYMENT_TARGET = 13.0;
				LD_RUNPATH_SEARCH_PATHS = (
					"$(inherited)",
					"@executable_path/Frameworks",
				);
				MARKETING_VERSION = 1.0;
				PRODUCT_BUNDLE_IDENTIFIER = "com.SevenSoftware.StarWars-Encyclopedia";
				PRODUCT_NAME = "$(TARGET_NAME)";
				SUPPORTED_PLATFORMS = "iphoneos iphonesimulator";
				SUPPORTS_MACCATALYST = NO;
				SUPPORTS_MAC_DESIGNED_FOR_IPHONE_IPAD = YES;
				SWIFT_EMIT_LOC_STRINGS = YES;
				SWIFT_VERSION = 5.0;
				TARGETED_DEVICE_FAMILY = 1;
			};
			name = Debug;
		};
		D2360AFF28EE57300010847F /* Release */ = {
			isa = XCBuildConfiguration;
			baseConfigurationReference = DF59ED1EA95E99F881875F42 /* Pods-StarWars Encyclopedia.release.xcconfig */;
			buildSettings = {
				ASSETCATALOG_COMPILER_APPICON_NAME = "AppIcon 1";
				ASSETCATALOG_COMPILER_GLOBAL_ACCENT_COLOR_NAME = AccentColor;
				ASSETCATALOG_COMPILER_INCLUDE_ALL_APPICON_ASSETS = NO;
				CODE_SIGN_STYLE = Automatic;
				CURRENT_PROJECT_VERSION = 1;
				DEVELOPMENT_TEAM = K6M8KNJT3U;
				GENERATE_INFOPLIST_FILE = YES;
				INFOPLIST_FILE = "StarWars Encyclopedia/Info.plist";
				INFOPLIST_KEY_UIApplicationSupportsIndirectInputEvents = YES;
				INFOPLIST_KEY_UILaunchStoryboardName = LaunchScreen.xib;
				INFOPLIST_KEY_UISupportedInterfaceOrientations = UIInterfaceOrientationPortrait;
				INFOPLIST_KEY_UISupportedInterfaceOrientations_iPad = "UIInterfaceOrientationLandscapeLeft UIInterfaceOrientationLandscapeRight UIInterfaceOrientationPortrait UIInterfaceOrientationPortraitUpsideDown";
				IPHONEOS_DEPLOYMENT_TARGET = 13.0;
				LD_RUNPATH_SEARCH_PATHS = (
					"$(inherited)",
					"@executable_path/Frameworks",
				);
				MARKETING_VERSION = 1.0;
				PRODUCT_BUNDLE_IDENTIFIER = "com.SevenSoftware.StarWars-Encyclopedia";
				PRODUCT_NAME = "$(TARGET_NAME)";
				SUPPORTED_PLATFORMS = "iphoneos iphonesimulator";
				SUPPORTS_MACCATALYST = NO;
				SUPPORTS_MAC_DESIGNED_FOR_IPHONE_IPAD = YES;
				SWIFT_EMIT_LOC_STRINGS = YES;
				SWIFT_VERSION = 5.0;
				TARGETED_DEVICE_FAMILY = 1;
			};
			name = Release;
		};
		D2360B0128EE57300010847F /* Debug */ = {
			isa = XCBuildConfiguration;
			baseConfigurationReference = 599A1A18DA4F8B57A70F62F3 /* Pods-StarWars EncyclopediaTests.debug.xcconfig */;
			buildSettings = {
				ALWAYS_EMBED_SWIFT_STANDARD_LIBRARIES = YES;
				BUNDLE_LOADER = "$(TEST_HOST)";
				CODE_SIGN_STYLE = Automatic;
				CURRENT_PROJECT_VERSION = 1;
				DEVELOPMENT_TEAM = K6M8KNJT3U;
				GENERATE_INFOPLIST_FILE = YES;
				IPHONEOS_DEPLOYMENT_TARGET = 16.0;
				MARKETING_VERSION = 1.0;
				PRODUCT_BUNDLE_IDENTIFIER = "com.SevenSoftware.StarWars-EncyclopediaTests";
				PRODUCT_NAME = "$(TARGET_NAME)";
				SWIFT_EMIT_LOC_STRINGS = NO;
				SWIFT_VERSION = 5.0;
				TARGETED_DEVICE_FAMILY = "1,2";
				TEST_HOST = "$(BUILT_PRODUCTS_DIR)/StarWars Encyclopedia.app/$(BUNDLE_EXECUTABLE_FOLDER_PATH)/StarWars Encyclopedia";
			};
			name = Debug;
		};
		D2360B0228EE57300010847F /* Release */ = {
			isa = XCBuildConfiguration;
			baseConfigurationReference = 4D0761F3AB737050988C89AD /* Pods-StarWars EncyclopediaTests.release.xcconfig */;
			buildSettings = {
				ALWAYS_EMBED_SWIFT_STANDARD_LIBRARIES = YES;
				BUNDLE_LOADER = "$(TEST_HOST)";
				CODE_SIGN_STYLE = Automatic;
				CURRENT_PROJECT_VERSION = 1;
				DEVELOPMENT_TEAM = K6M8KNJT3U;
				GENERATE_INFOPLIST_FILE = YES;
				IPHONEOS_DEPLOYMENT_TARGET = 16.0;
				MARKETING_VERSION = 1.0;
				PRODUCT_BUNDLE_IDENTIFIER = "com.SevenSoftware.StarWars-EncyclopediaTests";
				PRODUCT_NAME = "$(TARGET_NAME)";
				SWIFT_EMIT_LOC_STRINGS = NO;
				SWIFT_VERSION = 5.0;
				TARGETED_DEVICE_FAMILY = "1,2";
				TEST_HOST = "$(BUILT_PRODUCTS_DIR)/StarWars Encyclopedia.app/$(BUNDLE_EXECUTABLE_FOLDER_PATH)/StarWars Encyclopedia";
			};
			name = Release;
		};
		D2360B0428EE57300010847F /* Debug */ = {
			isa = XCBuildConfiguration;
			baseConfigurationReference = A0CA0D814CC0B8C982F8AFBC /* Pods-StarWars Encyclopedia-StarWars EncyclopediaUITests.debug.xcconfig */;
			buildSettings = {
				ALWAYS_EMBED_SWIFT_STANDARD_LIBRARIES = YES;
				CODE_SIGN_STYLE = Automatic;
				CURRENT_PROJECT_VERSION = 1;
				DEVELOPMENT_TEAM = K6M8KNJT3U;
				GENERATE_INFOPLIST_FILE = YES;
				MARKETING_VERSION = 1.0;
				PRODUCT_BUNDLE_IDENTIFIER = "com.SevenSoftware.StarWars-EncyclopediaUITests";
				PRODUCT_NAME = "$(TARGET_NAME)";
				SWIFT_EMIT_LOC_STRINGS = NO;
				SWIFT_VERSION = 5.0;
				TARGETED_DEVICE_FAMILY = "1,2";
				TEST_TARGET_NAME = "StarWars Encyclopedia";
			};
			name = Debug;
		};
		D2360B0528EE57300010847F /* Release */ = {
			isa = XCBuildConfiguration;
			baseConfigurationReference = 456C9956D96519779D400D5B /* Pods-StarWars Encyclopedia-StarWars EncyclopediaUITests.release.xcconfig */;
			buildSettings = {
				ALWAYS_EMBED_SWIFT_STANDARD_LIBRARIES = YES;
				CODE_SIGN_STYLE = Automatic;
				CURRENT_PROJECT_VERSION = 1;
				DEVELOPMENT_TEAM = K6M8KNJT3U;
				GENERATE_INFOPLIST_FILE = YES;
				MARKETING_VERSION = 1.0;
				PRODUCT_BUNDLE_IDENTIFIER = "com.SevenSoftware.StarWars-EncyclopediaUITests";
				PRODUCT_NAME = "$(TARGET_NAME)";
				SWIFT_EMIT_LOC_STRINGS = NO;
				SWIFT_VERSION = 5.0;
				TARGETED_DEVICE_FAMILY = "1,2";
				TEST_TARGET_NAME = "StarWars Encyclopedia";
			};
			name = Release;
		};
/* End XCBuildConfiguration section */

/* Begin XCConfigurationList section */
		D2360ACE28EE572E0010847F /* Build configuration list for PBXProject "StarWars Encyclopedia" */ = {
			isa = XCConfigurationList;
			buildConfigurations = (
				D2360AFB28EE57300010847F /* Debug */,
				D2360AFC28EE57300010847F /* Release */,
			);
			defaultConfigurationIsVisible = 0;
			defaultConfigurationName = Release;
		};
		D2360AFD28EE57300010847F /* Build configuration list for PBXNativeTarget "StarWars Encyclopedia" */ = {
			isa = XCConfigurationList;
			buildConfigurations = (
				D2360AFE28EE57300010847F /* Debug */,
				D2360AFF28EE57300010847F /* Release */,
			);
			defaultConfigurationIsVisible = 0;
			defaultConfigurationName = Release;
		};
		D2360B0028EE57300010847F /* Build configuration list for PBXNativeTarget "StarWars EncyclopediaTests" */ = {
			isa = XCConfigurationList;
			buildConfigurations = (
				D2360B0128EE57300010847F /* Debug */,
				D2360B0228EE57300010847F /* Release */,
			);
			defaultConfigurationIsVisible = 0;
			defaultConfigurationName = Release;
		};
		D2360B0328EE57300010847F /* Build configuration list for PBXNativeTarget "StarWars EncyclopediaUITests" */ = {
			isa = XCConfigurationList;
			buildConfigurations = (
				D2360B0428EE57300010847F /* Debug */,
				D2360B0528EE57300010847F /* Release */,
			);
			defaultConfigurationIsVisible = 0;
			defaultConfigurationName = Release;
		};
/* End XCConfigurationList section */
	};
	rootObject = D2360ACB28EE572E0010847F /* Project object */;
}
